PODS:
  - Firebase (1.2.3)
  - Firebase-RACExtensions (0.1.0):
    - Firebase (~> 1.2)
    - ReactiveCocoa (~> 2.3)
  - ReactiveCocoa (2.5):
    - ReactiveCocoa/UI (= 2.5)
  - ReactiveCocoa/Core (2.5):
    - ReactiveCocoa/no-arc
  - ReactiveCocoa/no-arc (2.5)
  - ReactiveCocoa/UI (2.5):
    - ReactiveCocoa/Core

DEPENDENCIES:
  - Firebase-RACExtensions (from `../`)

EXTERNAL SOURCES:
  Firebase-RACExtensions:
    :path: "../"

SPEC CHECKSUMS:
  Firebase: 7a1b6a0848467348672afebfb306c624a3510f04
  Firebase-RACExtensions: 9a4af282af8085bc018dc34cafe3d3d8f10005c6
  ReactiveCocoa: e2db045570aa97c695e7aa97c2bcab222ae51f4a

COCOAPODS: 0.37.2
